{
  "lockfile_version": "1",
  "packages": {
    "git@latest": {
      "last_modified": "2025-03-11T17:52:14Z",
      "resolved": "github:NixOS/nixpkgs/0d534853a55b5d02a4ababa1d71921ce8f0aee4c#git",
      "source": "devbox-search",
      "version": "2.48.1",
      "systems": {
        "aarch64-darwin": {
          "outputs": [
            {
              "name": "out",
              "path": "/nix/store/b3sci30zzzlj3rzj1y89cijnd6zcwapk-git-2.48.1",
              "default": true
            },
            {
              "name": "doc",
              "path": "/nix/store/086knqdw7fjgzczp0i6nad95s2v6jbya-git-2.48.1-doc"
            }
          ],
          "store_path": "/nix/store/b3sci30zzzlj3rzj1y89cijnd6zcwapk-git-2.48.1"
        },
        "aarch64-linux": {
          "outputs": [
            {
              "name": "out",
              "path": "/nix/store/pck1dr5jxrd5b8nmfasbn13z422jhcfm-git-2.48.1",
              "default": true
            },
            {
              "name": "debug",
              "path": "/nix/store/xqqsvzlilh843rm6knykyng81apapr33-git-2.48.1-debug"
            },
            {
              "name": "doc",
              "path": "/nix/store/485b32ys0s2dvjfisn7405ildmpqvfzk-git-2.48.1-doc"
            }
          ],
          "store_path": "/nix/store/pck1dr5jxrd5b8nmfasbn13z422jhcfm-git-2.48.1"
        },
        "x86_64-darwin": {
          "outputs": [
            {
              "name": "out",
              "path": "/nix/store/9qjzgsf9mvdp6sfd7xyzhgrahl2qhhp6-git-2.48.1",
              "default": true
            },
            {
              "name": "doc",
              "path": "/nix/store/cgv7qa0ix059ma9a0qac0bywfvl3k7k2-git-2.48.1-doc"
            }
          ],
          "store_path": "/nix/store/9qjzgsf9mvdp6sfd7xyzhgrahl2qhhp6-git-2.48.1"
        },
        "x86_64-linux": {
          "outputs": [
            {
              "name": "out",
              "path": "/nix/store/lqx2rv26sdndpa2vyy2vxsahj03km69z-git-2.48.1",
              "default": true
            },
            {
              "name": "doc",
              "path": "/nix/store/hjczhs1dm3hzij7mx5c91rkzqvkb89av-git-2.48.1-doc"
            },
            {
              "name": "debug",
              "path": "/nix/store/bk8xndavdnc2qgyvc6hcc8h29lk9jzqb-git-2.48.1-debug"
            }
          ],
          "store_path": "/nix/store/lqx2rv26sdndpa2vyy2vxsahj03km69z-git-2.48.1"
        }
      }
    },
    "github:NixOS/nixpkgs/nixpkgs-unstable": {
      "resolved": "github:NixOS/nixpkgs/eb0e0f21f15c559d2ac7633dc81d079d1caf5f5f?lastModified=1743259260&narHash=sha256-ArWLUgRm1tKHiqlhnymyVqi5kLNCK5ghvm06mfCl4QY%3D"
    },
    "gnumake@latest": {
      "last_modified": "2025-03-11T17:52:14Z",
      "resolved": "github:NixOS/nixpkgs/0d534853a55b5d02a4ababa1d71921ce8f0aee4c#gnumake",
      "source": "devbox-search",
      "version": "4.4.1",
      "systems": {
        "aarch64-darwin": {
          "outputs": [
            {
              "name": "out",
              "path": "/nix/store/kn5xn5xfwvgxf33nga9q9b3q9qh9vrg3-gnumake-4.4.1",
              "default": true
            },
            {
              "name": "man",
              "path": "/nix/store/q4anl5yx5z19ivc1mxadjs5yqrzgx938-gnumake-4.4.1-man",
              "default": true
            },
            {
              "name": "info",
              "path": "/nix/store/90z024gnvcsail3k8rgqsrzi5g7f9gs6-gnumake-4.4.1-info"
            }
          ],
          "store_path": "/nix/store/kn5xn5xfwvgxf33nga9q9b3q9qh9vrg3-gnumake-4.4.1"
        },
        "aarch64-linux": {
          "outputs": [
            {
              "name": "out",
              "path": "/nix/store/jp96c7glhd39jvym2qxrrqbyjlbn4jg8-gnumake-4.4.1",
              "default": true
            },
            {
              "name": "man",
              "path": "/nix/store/a5lgpaf6b9rm3czp8bv6fw84152rsk08-gnumake-4.4.1-man",
              "default": true
            },
            {
              "name": "debug",
              "path": "/nix/store/yrfbzz0whhvibv18f2zb6a4l671ryrdk-gnumake-4.4.1-debug"
            },
            {
              "name": "info",
              "path": "/nix/store/crfkqwk94z3mvshp5yigwgayxypr7rzr-gnumake-4.4.1-info"
            }
          ],
          "store_path": "/nix/store/jp96c7glhd39jvym2qxrrqbyjlbn4jg8-gnumake-4.4.1"
        },
        "x86_64-darwin": {
          "outputs": [
            {
              "name": "out",
              "path": "/nix/store/ypjw0zax2m05kjli76b2cvk4q1wima19-gnumake-4.4.1",
              "default": true
            },
            {
              "name": "man",
              "path": "/nix/store/w905d9x4smq960d6am8x4zrxsgg52srn-gnumake-4.4.1-man",
              "default": true
            },
            {
              "name": "info",
              "path": "/nix/store/7ac40lsb80xaxpq2pr0cgvc98h0lzixj-gnumake-4.4.1-info"
            }
          ],
          "store_path": "/nix/store/ypjw0zax2m05kjli76b2cvk4q1wima19-gnumake-4.4.1"
        },
        "x86_64-linux": {
          "outputs": [
            {
              "name": "out",
              "path": "/nix/store/k0hhyz6qnj5065vpw15m4r7nbs0mn706-gnumake-4.4.1",
              "default": true
            },
            {
              "name": "man",
              "path": "/nix/store/y87b22iwv64wrfpgyii4gjgbhcfqq0mi-gnumake-4.4.1-man",
              "default": true
            },
            {
              "name": "info",
              "path": "/nix/store/33lvx5blf6ms1b6ynaln49hx1xksypxf-gnumake-4.4.1-info"
            },
            {
              "name": "debug",
              "path": "/nix/store/40rj5d3igp9fb80r4pg3gnkzj338rffa-gnumake-4.4.1-debug"
            }
          ],
          "store_path": "/nix/store/k0hhyz6qnj5065vpw15m4r7nbs0mn706-gnumake-4.4.1"
        }
      }
    },
    "go@1.23": {
      "last_modified": "2025-03-11T17:52:14Z",
      "resolved": "github:NixOS/nixpkgs/0d534853a55b5d02a4ababa1d71921ce8f0aee4c#go_1_23",
      "source": "devbox-search",
      "version": "1.23.7",
      "systems": {
        "aarch64-darwin": {
          "outputs": [
            {
              "name": "out",
              "path": "/nix/store/pmgial79wq49zriy1y6dc19qdrjqyv8g-go-1.23.7",
              "default": true
            }
          ],
          "store_path": "/nix/store/pmgial79wq49zriy1y6dc19qdrjqyv8g-go-1.23.7"
        },
        "aarch64-linux": {
          "outputs": [
            {
              "name": "out",
              "path": "/nix/store/qlklf8pp44ykx63xaryj6apbnw036rm9-go-1.23.7",
              "default": true
            }
          ],
          "store_path": "/nix/store/qlklf8pp44ykx63xaryj6apbnw036rm9-go-1.23.7"
        },
        "x86_64-darwin": {
          "outputs": [
            {
              "name": "out",
              "path": "/nix/store/mcajc7fgnbyzq4845sk4m3h6gc99vzzc-go-1.23.7",
              "default": true
            }
          ],
          "store_path": "/nix/store/mcajc7fgnbyzq4845sk4m3h6gc99vzzc-go-1.23.7"
        },
        "x86_64-linux": {
          "outputs": [
            {
              "name": "out",
              "path": "/nix/store/valwknmr0qzxq70h4ijm9w1jvgc3grsp-go-1.23.7",
              "default": true
            }
          ],
          "store_path": "/nix/store/valwknmr0qzxq70h4ijm9w1jvgc3grsp-go-1.23.7"
        }
      }
    },
    "golangci-lint@latest": {
      "last_modified": "2025-03-25T17:32:05Z",
      "resolved": "github:NixOS/nixpkgs/25d1b84f5c90632a623c48d83a2faf156451e6b1#golangci-lint",
      "source": "devbox-search",
      "version": "2.0.0",
      "systems": {
        "aarch64-darwin": {
          "outputs": [
            {
              "name": "out",
              "path": "/nix/store/idv9cyl4i6w9n4sgc29kvqhywm04n1rz-golangci-lint-2.0.0",
              "default": true
            }
          ],
          "store_path": "/nix/store/idv9cyl4i6w9n4sgc29kvqhywm04n1rz-golangci-lint-2.0.0"
        },
        "aarch64-linux": {
          "outputs": [
            {
              "name": "out",
              "path": "/nix/store/r0jxwvqvk2999dx04v3j9jgd46jscqc4-golangci-lint-2.0.0",
              "default": true
            }
          ],
          "store_path": "/nix/store/r0jxwvqvk2999dx04v3j9jgd46jscqc4-golangci-lint-2.0.0"
        },
        "x86_64-darwin": {
          "outputs": [
            {
              "name": "out",
              "path": "/nix/store/lsyy8arab3zvkpi8lr9303mf88y5k1rc-golangci-lint-2.0.0",
              "default": true
            }
          ],
          "store_path": "/nix/store/lsyy8arab3zvkpi8lr9303mf88y5k1rc-golangci-lint-2.0.0"
        },
        "x86_64-linux": {
          "outputs": [
            {
              "name": "out",
              "path": "/nix/store/834gvbmhpwvy1d65r5x4xihkxm4g91ab-golangci-lint-2.0.0",
              "default": true
            }
          ],
          "store_path": "/nix/store/834gvbmhpwvy1d65r5x4xihkxm4g91ab-golangci-lint-2.0.0"
        }
      }
    },
    "templ@latest": {
      "last_modified": "2025-03-23T14:04:58Z",
      "resolved": "github:NixOS/nixpkgs/f3a2a0601e9669a6e38af25b46ce6c4563bcb6da#templ",
      "source": "devbox-search",
      "version": "0.3.850",
      "systems": {
        "aarch64-darwin": {
          "outputs": [
            {
              "name": "out",
              "path": "/nix/store/0apq7wcy0hp1zw0drfnk7xgbw4l8fbbr-templ-0.3.850",
              "default": true
            }
          ],
          "store_path": "/nix/store/0apq7wcy0hp1zw0drfnk7xgbw4l8fbbr-templ-0.3.850"
        },
        "aarch64-linux": {
          "outputs": [
            {
              "name": "out",
              "path": "/nix/store/fmh0g0nh8ikbnfq21nzaxb7yqsbmpcbd-templ-0.3.850",
              "default": true
            }
          ],
          "store_path": "/nix/store/fmh0g0nh8ikbnfq21nzaxb7yqsbmpcbd-templ-0.3.850"
        },
        "x86_64-darwin": {
          "outputs": [
            {
              "name": "out",
              "path": "/nix/store/plka4pqhzd7gnclmkiwhcm1zkbjan3fs-templ-0.3.850",
              "default": true
            }
          ],
          "store_path": "/nix/store/plka4pqhzd7gnclmkiwhcm1zkbjan3fs-templ-0.3.850"
        },
        "x86_64-linux": {
          "outputs": [
            {
              "name": "out",
              "path": "/nix/store/vbghxx8ch821vz30wxh4li7f6314g7gg-templ-0.3.850",
              "default": true
            }
          ],
          "store_path": "/nix/store/vbghxx8ch821vz30wxh4li7f6314g7gg-templ-0.3.850"
        }
      }
    }
  }
}
