{
  "lockfile_version": "1",
  "packages": {
    "git@latest": {
      "last_modified": "2024-03-22T07:26:23-04:00",
      "resolved": "github:NixOS/nixpkgs/a3ed7406349a9335cb4c2a71369b697cecd9d351#git",
      "source": "devbox-search",
      "version": "2.44.0",
      "systems": {
        "aarch64-darwin": {
          "outputs": [
            {
              "name": "out",
              "path": "/nix/store/yrd3xalm6j7pnk55h3xpj91bqdlm33bl-git-2.44.0",
              "default": true
            },
            {
              "name": "doc",
              "path": "/nix/store/asyphwn703dr4825na1gvxkxg8imqba2-git-2.44.0-doc"
            }
          ],
          "store_path": "/nix/store/yrd3xalm6j7pnk55h3xpj91bqdlm33bl-git-2.44.0"
        },
        "aarch64-linux": {
          "outputs": [
            {
              "name": "out",
              "path": "/nix/store/3y08c4f6nkzz6q4hd3rrm21sdqygm1ha-git-2.44.0",
              "default": true
            },
            {
              "name": "debug",
              "path": "/nix/store/j70s703d38bn6add2p2p25a3f83165hc-git-2.44.0-debug"
            },
            {
              "name": "doc",
              "path": "/nix/store/j5yibz61kd0kwnglkkvs87km4fjwpahs-git-2.44.0-doc"
            }
          ],
          "store_path": "/nix/store/3y08c4f6nkzz6q4hd3rrm21sdqygm1ha-git-2.44.0"
        },
        "x86_64-darwin": {
          "outputs": [
            {
              "name": "out",
              "path": "/nix/store/f2rq8zm0069750ph9vi5x4vvcqgvb3cx-git-2.44.0",
              "default": true
            },
            {
              "name": "doc",
              "path": "/nix/store/p2lm2wp2w0q7mpsw6hj0gk4c2dc099fk-git-2.44.0-doc"
            }
          ],
          "store_path": "/nix/store/f2rq8zm0069750ph9vi5x4vvcqgvb3cx-git-2.44.0"
        },
        "x86_64-linux": {
          "outputs": [
            {
              "name": "out",
              "path": "/nix/store/bd0dcc9qzpfz5xfz7fm6cwf7q64cyfhi-git-2.44.0",
              "default": true
            },
            {
              "name": "debug",
              "path": "/nix/store/vicxa5b1phkh342ns4zcabrjazpns4nx-git-2.44.0-debug"
            },
            {
              "name": "doc",
              "path": "/nix/store/wk2bxmca5vbri2r2sqay1yr70ppgw9pl-git-2.44.0-doc"
            }
          ],
          "store_path": "/nix/store/bd0dcc9qzpfz5xfz7fm6cwf7q64cyfhi-git-2.44.0"
        }
      }
    },
    "go@latest": {
      "last_modified": "2024-03-22T07:26:23-04:00",
      "resolved": "github:NixOS/nixpkgs/a3ed7406349a9335cb4c2a71369b697cecd9d351#go",
      "source": "devbox-search",
      "version": "1.22.1",
      "systems": {
        "aarch64-darwin": {
          "outputs": [
            {
              "name": "out",
              "path": "/nix/store/n1k6wf8q10q7k0863gb78b1rf0j07r7r-go-1.22.1",
              "default": true
            }
          ],
          "store_path": "/nix/store/n1k6wf8q10q7k0863gb78b1rf0j07r7r-go-1.22.1"
        },
        "aarch64-linux": {
          "outputs": [
            {
              "name": "out",
              "path": "/nix/store/fl6cjlp5bvykfz1kxrw687zxzld25pn7-go-1.22.1",
              "default": true
            }
          ],
          "store_path": "/nix/store/fl6cjlp5bvykfz1kxrw687zxzld25pn7-go-1.22.1"
        },
        "x86_64-darwin": {
          "outputs": [
            {
              "name": "out",
              "path": "/nix/store/xgdp7gnf6vzr2ick2ip1lhq4cww65p7w-go-1.22.1",
              "default": true
            }
          ],
          "store_path": "/nix/store/xgdp7gnf6vzr2ick2ip1lhq4cww65p7w-go-1.22.1"
        },
        "x86_64-linux": {
          "outputs": [
            {
              "name": "out",
              "path": "/nix/store/bp39dh48cdqp89hk5mpdi1lxdf0mjl7x-go-1.22.1",
              "default": true
            }
          ],
          "store_path": "/nix/store/bp39dh48cdqp89hk5mpdi1lxdf0mjl7x-go-1.22.1"
        }
      }
    },
    "golangci-lint@latest": {
      "last_modified": "2024-04-01T22:53:36-04:00",
      "resolved": "github:NixOS/nixpkgs/080a4a27f206d07724b88da096e27ef63401a504#golangci-lint",
      "source": "devbox-search",
      "version": "1.57.2",
      "systems": {
        "aarch64-darwin": {
          "outputs": [
            {
              "name": "out",
              "path": "/nix/store/5pjiagw5zn3xfws2wdnaw094p88n6jaa-golangci-lint-1.57.2",
              "default": true
            }
          ],
          "store_path": "/nix/store/5pjiagw5zn3xfws2wdnaw094p88n6jaa-golangci-lint-1.57.2"
        },
        "aarch64-linux": {
          "outputs": [
            {
              "name": "out",
              "path": "/nix/store/5bp40l84syd1sqhzvajs10sa9b9g5c1w-golangci-lint-1.57.2",
              "default": true
            }
          ],
          "store_path": "/nix/store/5bp40l84syd1sqhzvajs10sa9b9g5c1w-golangci-lint-1.57.2"
        },
        "x86_64-darwin": {
          "outputs": [
            {
              "name": "out",
              "path": "/nix/store/df4l6fhzwzw9y26n3xm2gbjv4b500k9q-golangci-lint-1.57.2",
              "default": true
            }
          ],
          "store_path": "/nix/store/df4l6fhzwzw9y26n3xm2gbjv4b500k9q-golangci-lint-1.57.2"
        },
        "x86_64-linux": {
          "outputs": [
            {
              "name": "out",
              "path": "/nix/store/42an0s6v8cpl7sahxhkmsz6if0pkc7qz-golangci-lint-1.57.2",
              "default": true
            }
          ],
          "store_path": "/nix/store/42an0s6v8cpl7sahxhkmsz6if0pkc7qz-golangci-lint-1.57.2"
        }
      }
    },
    "templ@latest": {
      "last_modified": "2024-04-01T22:53:36-04:00",
      "resolved": "github:NixOS/nixpkgs/080a4a27f206d07724b88da096e27ef63401a504#templ",
      "source": "devbox-search",
      "version": "0.2.648",
      "systems": {
        "aarch64-darwin": {
          "outputs": [
            {
              "name": "out",
              "path": "/nix/store/wwvc30pf3kxx3ah2zbv10li4mzjb0vk3-templ-0.2.648",
              "default": true
            }
          ],
          "store_path": "/nix/store/wwvc30pf3kxx3ah2zbv10li4mzjb0vk3-templ-0.2.648"
        },
        "aarch64-linux": {
          "outputs": [
            {
              "name": "out",
              "path": "/nix/store/nljpl2i8fqkkgxb8yp3b947sd1rga4c3-templ-0.2.648",
              "default": true
            }
          ],
          "store_path": "/nix/store/nljpl2i8fqkkgxb8yp3b947sd1rga4c3-templ-0.2.648"
        },
        "x86_64-darwin": {
          "outputs": [
            {
              "name": "out",
              "path": "/nix/store/7hb07awyyfqhfsxgbi1r5vq720fj916i-templ-0.2.648",
              "default": true
            }
          ],
          "store_path": "/nix/store/7hb07awyyfqhfsxgbi1r5vq720fj916i-templ-0.2.648"
        },
        "x86_64-linux": {
          "outputs": [
            {
              "name": "out",
              "path": "/nix/store/nxb85ifqvk0xlgghkx3sb4xmqmfd6xpk-templ-0.2.648",
              "default": true
            }
          ],
          "store_path": "/nix/store/nxb85ifqvk0xlgghkx3sb4xmqmfd6xpk-templ-0.2.648"
        }
      }
    }
  }
}
