{
  "lockfile_version": "1",
  "packages": {
    "git@latest": {
      "last_modified": "2025-03-11T17:52:14Z",
      "resolved": "github:NixOS/nixpkgs/0d534853a55b5d02a4ababa1d71921ce8f0aee4c#git",
      "source": "devbox-search",
      "version": "2.48.1",
      "systems": {
        "aarch64-darwin": {
          "outputs": [
            {
              "name": "out",
              "path": "/nix/store/b3sci30zzzlj3rzj1y89cijnd6zcwapk-git-2.48.1",
              "default": true
            },
            {
              "name": "doc",
              "path": "/nix/store/086knqdw7fjgzczp0i6nad95s2v6jbya-git-2.48.1-doc"
            }
          ],
          "store_path": "/nix/store/b3sci30zzzlj3rzj1y89cijnd6zcwapk-git-2.48.1"
        },
        "aarch64-linux": {
          "outputs": [
            {
              "name": "out",
              "path": "/nix/store/gzamqis9d24214c2br9g7vxqzgh309l4-git-2.48.1",
              "default": true
            },
            {
              "name": "debug",
              "path": "/nix/store/ch1rjq8rbjm2ipbxa2i5cpdc5c0raih6-git-2.48.1-debug"
            },
            {
              "name": "doc",
              "path": "/nix/store/3v7g1zdv24mziy2m4xymi0a9fwd8h8c9-git-2.48.1-doc"
            }
          ],
          "store_path": "/nix/store/gzamqis9d24214c2br9g7vxqzgh309l4-git-2.48.1"
        },
        "x86_64-darwin": {
          "outputs": [
            {
              "name": "out",
              "path": "/nix/store/5qmpmgx1fb1qxnq3gb1hvvha5wi24n7v-git-2.48.1",
              "default": true
            },
            {
              "name": "doc",
              "path": "/nix/store/x5x4qz04v9zfz9dzh8l723nbwma8dnmk-git-2.48.1-doc"
            }
          ],
          "store_path": "/nix/store/5qmpmgx1fb1qxnq3gb1hvvha5wi24n7v-git-2.48.1"
        },
        "x86_64-linux": {
          "outputs": [
            {
              "name": "out",
              "path": "/nix/store/pl9krbxnhawd4n5kxsm6m5i5mjhbw48q-git-2.48.1",
              "default": true
            },
            {
              "name": "doc",
              "path": "/nix/store/fkrfnnwc7a7rq86rrnb9j2474wy8qkbm-git-2.48.1-doc"
            },
            {
              "name": "debug",
              "path": "/nix/store/s0a07h6m6lpcv67954y3vag35np716sf-git-2.48.1-debug"
            }
          ],
          "store_path": "/nix/store/pl9krbxnhawd4n5kxsm6m5i5mjhbw48q-git-2.48.1"
        }
      }
    },
    "github:NixOS/nixpkgs/nixpkgs-unstable": {
      "resolved": "github:NixOS/nixpkgs/3549532663732bfd89993204d40543e9edaec4f2?lastModified=1742272065&narHash=sha256-ud8vcSzJsZ%2FCK%2Br8%2Fv0lyf4yUntVmDq6Z0A41ODfWbE%3D"
    },
    "gnumake@latest": {
      "last_modified": "2025-03-11T17:52:14Z",
      "resolved": "github:NixOS/nixpkgs/0d534853a55b5d02a4ababa1d71921ce8f0aee4c#gnumake",
      "source": "devbox-search",
      "version": "4.4.1",
      "systems": {
        "aarch64-darwin": {
          "outputs": [
            {
              "name": "out",
              "path": "/nix/store/kn5xn5xfwvgxf33nga9q9b3q9qh9vrg3-gnumake-4.4.1",
              "default": true
            },
            {
              "name": "man",
              "path": "/nix/store/q4anl5yx5z19ivc1mxadjs5yqrzgx938-gnumake-4.4.1-man",
              "default": true
            },
            {
              "name": "info",
              "path": "/nix/store/90z024gnvcsail3k8rgqsrzi5g7f9gs6-gnumake-4.4.1-info"
            }
          ],
          "store_path": "/nix/store/kn5xn5xfwvgxf33nga9q9b3q9qh9vrg3-gnumake-4.4.1"
        },
        "aarch64-linux": {
          "outputs": [
            {
              "name": "out",
              "path": "/nix/store/1bpzdjww9yy9m3a1plxldg62wcjmk2xp-gnumake-4.4.1",
              "default": true
            },
            {
              "name": "man",
              "path": "/nix/store/08b54hn46qgaxb785f4a5xnglni14j09-gnumake-4.4.1-man",
              "default": true
            },
            {
              "name": "debug",
              "path": "/nix/store/gjdnyxla25610y0k3wkkzmp95agz4rbi-gnumake-4.4.1-debug"
            },
            {
              "name": "info",
              "path": "/nix/store/c9fxaq63vkxfry9nsqa64lnzdmb8xx6x-gnumake-4.4.1-info"
            }
          ],
          "store_path": "/nix/store/1bpzdjww9yy9m3a1plxldg62wcjmk2xp-gnumake-4.4.1"
        },
        "x86_64-darwin": {
          "outputs": [
            {
              "name": "out",
              "path": "/nix/store/ypjw0zax2m05kjli76b2cvk4q1wima19-gnumake-4.4.1",
              "default": true
            },
            {
              "name": "man",
              "path": "/nix/store/w905d9x4smq960d6am8x4zrxsgg52srn-gnumake-4.4.1-man",
              "default": true
            },
            {
              "name": "info",
              "path": "/nix/store/7ac40lsb80xaxpq2pr0cgvc98h0lzixj-gnumake-4.4.1-info"
            }
          ],
          "store_path": "/nix/store/ypjw0zax2m05kjli76b2cvk4q1wima19-gnumake-4.4.1"
        },
        "x86_64-linux": {
          "outputs": [
            {
              "name": "out",
              "path": "/nix/store/a8vnc61fn22lcf8ln23g158s2jdf9q5p-gnumake-4.4.1",
              "default": true
            },
            {
              "name": "man",
              "path": "/nix/store/rkq36a0zr4546n13068zshwzkqmd915j-gnumake-4.4.1-man",
              "default": true
            },
            {
              "name": "info",
              "path": "/nix/store/9dwcm8gsxy56jqza3ili85fd0m5d86bs-gnumake-4.4.1-info"
            },
            {
              "name": "debug",
              "path": "/nix/store/d4cy98k3ppkw4r0xy273hdlkyhhkgqp4-gnumake-4.4.1-debug"
            }
          ],
          "store_path": "/nix/store/a8vnc61fn22lcf8ln23g158s2jdf9q5p-gnumake-4.4.1"
        }
      }
    },
    "go@1.23": {
      "last_modified": "2025-03-11T17:52:14Z",
      "resolved": "github:NixOS/nixpkgs/0d534853a55b5d02a4ababa1d71921ce8f0aee4c#go_1_23",
      "source": "devbox-search",
      "version": "1.23.7",
      "systems": {
        "aarch64-darwin": {
          "outputs": [
            {
              "name": "out",
              "path": "/nix/store/pmgial79wq49zriy1y6dc19qdrjqyv8g-go-1.23.7",
              "default": true
            }
          ],
          "store_path": "/nix/store/pmgial79wq49zriy1y6dc19qdrjqyv8g-go-1.23.7"
        },
        "aarch64-linux": {
          "outputs": [
            {
              "name": "out",
              "path": "/nix/store/qlklf8pp44ykx63xaryj6apbnw036rm9-go-1.23.7",
              "default": true
            }
          ],
          "store_path": "/nix/store/qlklf8pp44ykx63xaryj6apbnw036rm9-go-1.23.7"
        },
        "x86_64-darwin": {
          "outputs": [
            {
              "name": "out",
              "path": "/nix/store/mcajc7fgnbyzq4845sk4m3h6gc99vzzc-go-1.23.7",
              "default": true
            }
          ],
          "store_path": "/nix/store/mcajc7fgnbyzq4845sk4m3h6gc99vzzc-go-1.23.7"
        },
        "x86_64-linux": {
          "outputs": [
            {
              "name": "out",
              "path": "/nix/store/valwknmr0qzxq70h4ijm9w1jvgc3grsp-go-1.23.7",
              "default": true
            }
          ],
          "store_path": "/nix/store/valwknmr0qzxq70h4ijm9w1jvgc3grsp-go-1.23.7"
        }
      }
    },
    "golangci-lint@latest": {
      "last_modified": "2025-03-16T16:17:41Z",
      "resolved": "github:NixOS/nixpkgs/8f76cf16b17c51ae0cc8e55488069593f6dab645#golangci-lint",
      "source": "devbox-search",
      "version": "1.64.7",
      "systems": {
        "aarch64-darwin": {
          "outputs": [
            {
              "name": "out",
              "path": "/nix/store/34x05rpqww3l30wfnx2c5lg2j79kfjjw-golangci-lint-1.64.7",
              "default": true
            }
          ],
          "store_path": "/nix/store/34x05rpqww3l30wfnx2c5lg2j79kfjjw-golangci-lint-1.64.7"
        },
        "aarch64-linux": {
          "outputs": [
            {
              "name": "out",
              "path": "/nix/store/bgqlln3xcjb5nxvvygd7ss7xmwyd3wqa-golangci-lint-1.64.7",
              "default": true
            }
          ],
          "store_path": "/nix/store/bgqlln3xcjb5nxvvygd7ss7xmwyd3wqa-golangci-lint-1.64.7"
        },
        "x86_64-darwin": {
          "outputs": [
            {
              "name": "out",
              "path": "/nix/store/hff316fcclip9cwdjppcakx5fy83v7sj-golangci-lint-1.64.7",
              "default": true
            }
          ],
          "store_path": "/nix/store/hff316fcclip9cwdjppcakx5fy83v7sj-golangci-lint-1.64.7"
        },
        "x86_64-linux": {
          "outputs": [
            {
              "name": "out",
              "path": "/nix/store/vdq0ixi31wm5ypfv2wbpn5p95ahr9cf8-golangci-lint-1.64.7",
              "default": true
            }
          ],
          "store_path": "/nix/store/vdq0ixi31wm5ypfv2wbpn5p95ahr9cf8-golangci-lint-1.64.7"
        }
      }
    },
    "templ@latest": {
      "last_modified": "2025-02-23T09:42:26Z",
      "resolved": "github:NixOS/nixpkgs/2d068ae5c6516b2d04562de50a58c682540de9bf#templ",
      "source": "devbox-search",
      "version": "0.3.833",
      "systems": {
        "aarch64-darwin": {
          "outputs": [
            {
              "name": "out",
              "path": "/nix/store/hfm05gc8cqfa0ai41h5ibdl38cpp4iy6-templ-0.3.833",
              "default": true
            }
          ],
          "store_path": "/nix/store/hfm05gc8cqfa0ai41h5ibdl38cpp4iy6-templ-0.3.833"
        },
        "aarch64-linux": {
          "outputs": [
            {
              "name": "out",
              "path": "/nix/store/bir5sx0qak6sb4dm25candhcbipia007-templ-0.3.833",
              "default": true
            }
          ],
          "store_path": "/nix/store/bir5sx0qak6sb4dm25candhcbipia007-templ-0.3.833"
        },
        "x86_64-darwin": {
          "outputs": [
            {
              "name": "out",
              "path": "/nix/store/lj68rc0hwbbfrskjbvgvzqji3bajnjkx-templ-0.3.833",
              "default": true
            }
          ],
          "store_path": "/nix/store/lj68rc0hwbbfrskjbvgvzqji3bajnjkx-templ-0.3.833"
        },
        "x86_64-linux": {
          "outputs": [
            {
              "name": "out",
              "path": "/nix/store/2an85n9i2in58z4pmyvny6f3qbzymw3j-templ-0.3.833",
              "default": true
            }
          ],
          "store_path": "/nix/store/2an85n9i2in58z4pmyvny6f3qbzymw3j-templ-0.3.833"
        }
      }
    }
  }
}
